
Microsoft Visual Studio Solution File, Format Version 12.00
# Visual Studio 2012
Project("{FAE04EC0-301F-11D3-BF4B-00C04F79EFBC}") = "RSSFeeds", "RSSFeeds\RSSFeeds.csproj", "{4E1CEA49-6A8C-4B05-B362-0F9C8743F78E}"
EndProject
Project("{FAE04EC0-301F-11D3-BF4B-00C04F79EFBC}") = "RSSFeeds.iOS", "iOS\RSSFeeds.iOS.csproj", "{5AC71626-B626-416D-8B13-C2D0AE325BA2}"
EndProject
Global
	GlobalSection(SolutionConfigurationPlatforms) = preSolution
		Debug|Any CPU = Debug|Any CPU
		Release|Any CPU = Release|Any CPU
		Debug|iPhoneSimulator = Debug|iPhoneSimulator
		Release|iPhoneSimulator = Release|iPhoneSimulator
		Debug|iPhone = Debug|iPhone
		Release|iPhone = Release|iPhone
		Ad-Hoc|iPhone = Ad-Hoc|iPhone
		AppStore|iPhone = AppStore|iPhone
	EndGlobalSection
	GlobalSection(ProjectConfigurationPlatforms) = postSolution
		{4E1CEA49-6A8C-4B05-B362-0F9C8743F78E}.Ad-Hoc|iPhone.ActiveCfg = Debug|Any CPU
		{4E1CEA49-6A8C-4B05-B362-0F9C8743F78E}.Ad-Hoc|iPhone.Build.0 = Debug|Any CPU
		{4E1CEA49-6A8C-4B05-B362-0F9C8743F78E}.AppStore|iPhone.ActiveCfg = Debug|Any CPU
		{4E1CEA49-6A8C-4B05-B362-0F9C8743F78E}.AppStore|iPhone.Build.0 = Debug|Any CPU
		{4E1CEA49-6A8C-4B05-B362-0F9C8743F78E}.Debug|Any CPU.ActiveCfg = Debug|Any CPU
		{4E1CEA49-6A8C-4B05-B362-0F9C8743F78E}.Debug|Any CPU.Build.0 = Debug|Any CPU
		{4E1CEA49-6A8C-4B05-B362-0F9C8743F78E}.Debug|iPhone.ActiveCfg = Debug|Any CPU
		{4E1CEA49-6A8C-4B05-B362-0F9C8743F78E}.Debug|iPhone.Build.0 = Debug|Any CPU
		{4E1CEA49-6A8C-4B05-B362-0F9C8743F78E}.Debug|iPhoneSimulator.ActiveCfg = Debug|Any CPU
		{4E1CEA49-6A8C-4B05-B362-0F9C8743F78E}.Debug|iPhoneSimulator.Build.0 = Debug|Any CPU
		{4E1CEA49-6A8C-4B05-B362-0F9C8743F78E}.Release|Any CPU.ActiveCfg = Release|Any CPU
		{4E1CEA49-6A8C-4B05-B362-0F9C8743F78E}.Release|Any CPU.Build.0 = Release|Any CPU
		{4E1CEA49-6A8C-4B05-B362-0F9C8743F78E}.Release|iPhone.ActiveCfg = Release|Any CPU
		{4E1CEA49-6A8C-4B05-B362-0F9C8743F78E}.Release|iPhone.Build.0 = Release|Any CPU
		{4E1CEA49-6A8C-4B05-B362-0F9C8743F78E}.Release|iPhoneSimulator.ActiveCfg = Release|Any CPU
		{4E1CEA49-6A8C-4B05-B362-0F9C8743F78E}.Release|iPhoneSimulator.Build.0 = Release|Any CPU
		{5AC71626-B626-416D-8B13-C2D0AE325BA2}.Ad-Hoc|iPhone.ActiveCfg = Ad-Hoc|iPhone
		{5AC71626-B626-416D-8B13-C2D0AE325BA2}.Ad-Hoc|iPhone.Build.0 = Ad-Hoc|iPhone
		{5AC71626-B626-416D-8B13-C2D0AE325BA2}.AppStore|iPhone.ActiveCfg = AppStore|iPhone
		{5AC71626-B626-416D-8B13-C2D0AE325BA2}.AppStore|iPhone.Build.0 = AppStore|iPhone
		{5AC71626-B626-416D-8B13-C2D0AE325BA2}.Debug|Any CPU.ActiveCfg = Debug|iPhoneSimulator
		{5AC71626-B626-416D-8B13-C2D0AE325BA2}.Debug|Any CPU.Build.0 = Debug|iPhoneSimulator
		{5AC71626-B626-416D-8B13-C2D0AE325BA2}.Debug|iPhone.ActiveCfg = Debug|iPhone
		{5AC71626-B626-416D-8B13-C2D0AE325BA2}.Debug|iPhone.Build.0 = Debug|iPhone
		{5AC71626-B626-416D-8B13-C2D0AE325BA2}.Debug|iPhoneSimulator.ActiveCfg = Debug|iPhoneSimulator
		{5AC71626-B626-416D-8B13-C2D0AE325BA2}.Debug|iPhoneSimulator.Build.0 = Debug|iPhoneSimulator
		{5AC71626-B626-416D-8B13-C2D0AE325BA2}.Release|Any CPU.ActiveCfg = Release|iPhoneSimulator
		{5AC71626-B626-416D-8B13-C2D0AE325BA2}.Release|Any CPU.Build.0 = Release|iPhoneSimulator
		{5AC71626-B626-416D-8B13-C2D0AE325BA2}.Release|iPhone.ActiveCfg = Release|iPhone
		{5AC71626-B626-416D-8B13-C2D0AE325BA2}.Release|iPhone.Build.0 = Release|iPhone
		{5AC71626-B626-416D-8B13-C2D0AE325BA2}.Release|iPhoneSimulator.ActiveCfg = Release|iPhoneSimulator
		{5AC71626-B626-416D-8B13-C2D0AE325BA2}.Release|iPhoneSimulator.Build.0 = Release|iPhoneSimulator
	EndGlobalSection
	GlobalSection(MonoDevelopProperties) = preSolution
		StartupItem = iOS\RSSFeeds.iOS.csproj
	EndGlobalSection
EndGlobal
